<?xml version="1.0" encoding="UTF-8"?>
<CONFIG>
  <ProjectOptions>
    <Version Value="11"/>
    <PathDelim Value="\"/>
    <General>
      <MainUnit Value="0"/>
      <UseXPManifest Value="True"/>
      <Icon Value="0"/>
    </General>
    <VersionInfo>
      <Language Value=""/>
      <CharSet Value=""/>
    </VersionInfo>
    <BuildModes Count="4" Active="Windows Intel64 Release">
      <Item1 Name="default" Default="True"/>
      <Item2 Name="Linux Intel64 Release">
        <CompilerOptions>
          <Version Value="11"/>
          <PathDelim Value="\"/>
          <Target>
            <Filename Value="exe\ApeCar_$(TargetCPU)-$(TargetOS)"/>
          </Target>
          <SearchPaths>
            <IncludeFiles Value="$(ProjOutDir)"/>
            <OtherUnitFiles Value="..\..\Sources;..\..\..\..\Sources"/>
            <UnitOutputDirectory Value="bin"/>
          </SearchPaths>
          <Parsing>
            <SyntaxOptions>
              <CStyleOperator Value="False"/>
              <UseAnsiStrings Value="False"/>
            </SyntaxOptions>
          </Parsing>
          <CodeGeneration>
            <TargetCPU Value="x86_64"/>
            <TargetOS Value="linux"/>
          </CodeGeneration>
          <Linking>
            <Debugging>
              <GenerateDebugInfo Value="False"/>
            </Debugging>
          </Linking>
        </CompilerOptions>
      </Item2>
      <Item3 Name="Linux arm Release">
        <CompilerOptions>
          <Version Value="11"/>
          <PathDelim Value="\"/>
          <Target>
            <Filename Value="exe\ApeCar_$(TargetCPU)-$(TargetOS)"/>
          </Target>
          <SearchPaths>
            <IncludeFiles Value="$(ProjOutDir)"/>
            <OtherUnitFiles Value="..\..\Sources;..\..\..\..\Sources"/>
            <UnitOutputDirectory Value="bin"/>
          </SearchPaths>
          <Parsing>
            <SyntaxOptions>
              <CStyleOperator Value="False"/>
              <UseAnsiStrings Value="False"/>
            </SyntaxOptions>
          </Parsing>
          <CodeGeneration>
            <TargetCPU Value="arm"/>
            <TargetOS Value="linux"/>
          </CodeGeneration>
          <Linking>
            <Debugging>
              <GenerateDebugInfo Value="False"/>
            </Debugging>
            <Options>
              <Win32>
                <GraphicApplication Value="True"/>
              </Win32>
            </Options>
          </Linking>
        </CompilerOptions>
      </Item3>
      <Item4 Name="Windows Intel64 Release">
        <CompilerOptions>
          <Version Value="11"/>
          <PathDelim Value="\"/>
          <Target>
            <Filename Value="exe\ApeCar_$(TargetCPU)-$(TargetOS)"/>
          </Target>
          <SearchPaths>
            <IncludeFiles Value="$(ProjOutDir)"/>
            <OtherUnitFiles Value="..\..\Sources;..\..\..\..\Sources"/>
            <UnitOutputDirectory Value="bin"/>
          </SearchPaths>
          <Parsing>
            <SyntaxOptions>
              <CStyleOperator Value="False"/>
              <UseAnsiStrings Value="False"/>
            </SyntaxOptions>
          </Parsing>
          <CodeGeneration>
            <TargetCPU Value="x86_64"/>
            <TargetOS Value="win64"/>
          </CodeGeneration>
          <Linking>
            <Debugging>
              <GenerateDebugInfo Value="False"/>
            </Debugging>
          </Linking>
        </CompilerOptions>
      </Item4>
    </BuildModes>
    <PublishOptions>
      <Version Value="2"/>
      <IgnoreBinaries Value="False"/>
      <IncludeFileFilter Value="*.(pas|pp|inc|lfm|lpr|lrs|lpi|lpk|sh|xml)"/>
      <ExcludeFileFilter Value="*.(bak|ppu|ppw|o|so);*~;backup"/>
    </PublishOptions>
    <RunParams>
      <FormatVersion Value="2"/>
      <Modes Count="1">
        <Mode0 Name="default">
          <local>
            <LaunchingApplication PathPlusParams="/usr/X11R6/bin/xterm -T 'Lazarus Run Output' -e $(LazarusDir)/tools/runwait.sh $(TargetCmdLine)"/>
          </local>
        </Mode0>
      </Modes>
    </RunParams>
    <RequiredPackages Count="1">
      <Item1>
        <PackageName Value="LCL"/>
      </Item1>
    </RequiredPackages>
    <Units Count="42">
      <Unit0>
        <Filename Value="APECar.lpr"/>
        <IsPartOfProject Value="True"/>
        <EditorIndex Value="4"/>
        <CursorPos Y="2"/>
        <UsageCount Value="34"/>
        <Loaded Value="True"/>
      </Unit0>
      <Unit1>
        <Filename Value="..\forms\MainForm.pas"/>
        <ComponentName Value="Form1"/>
        <HasResources Value="True"/>
        <ResourceBaseClass Value="Form"/>
        <EditorIndex Value="-1"/>
        <TopLine Value="142"/>
        <CursorPos X="33" Y="144"/>
        <UsageCount Value="32"/>
      </Unit1>
      <Unit2>
        <Filename Value="..\..\lib\uBridge.pas"/>
        <TopLine Value="79"/>
        <CursorPos Y="104"/>
        <UsageCount Value="9"/>
      </Unit2>
      <Unit3>
        <Filename Value="..\..\lib\uRotator.pas"/>
        <TopLine Value="46"/>
        <CursorPos Y="72"/>
        <UsageCount Value="9"/>
      </Unit3>
      <Unit4>
        <Filename Value="..\..\lib\uRectComposite.pas"/>
        <TopLine Value="54"/>
        <CursorPos Y="70"/>
        <UsageCount Value="9"/>
      </Unit4>
      <Unit5>
        <Filename Value="..\..\..\lib\uApeEngine.pas"/>
        <TopLine Value="142"/>
        <CursorPos X="32" Y="146"/>
        <UsageCount Value="9"/>
      </Unit5>
      <Unit6>
        <Filename Value="..\..\..\lib\uGDIRender.pas"/>
        <CursorPos X="13" Y="5"/>
        <UsageCount Value="9"/>
      </Unit6>
      <Unit7>
        <Filename Value="..\..\..\lib\uRender.pas"/>
        <CursorPos X="10" Y="3"/>
        <UsageCount Value="9"/>
      </Unit7>
      <Unit8>
        <Filename Value="..\..\..\lib\uGroup.pas"/>
        <CursorPos X="34" Y="6"/>
        <UsageCount Value="9"/>
      </Unit8>
      <Unit9>
        <Filename Value="..\..\..\lib\uAbstractCollection.pas"/>
        <CursorPos X="68" Y="6"/>
        <UsageCount Value="9"/>
      </Unit9>
      <Unit10>
        <Filename Value="..\..\..\lib\uAbstractItem.pas"/>
        <CursorPos X="11" Y="6"/>
        <UsageCount Value="9"/>
      </Unit10>
      <Unit11>
        <Filename Value="..\..\..\lib\uRectangleParticle.pas"/>
        <TopLine Value="79"/>
        <CursorPos X="67" Y="96"/>
        <UsageCount Value="9"/>
      </Unit11>
      <Unit12>
        <Filename Value="..\..\..\lib\uAbstractParticle.pas"/>
        <TopLine Value="250"/>
        <CursorPos X="24" Y="257"/>
        <UsageCount Value="9"/>
      </Unit12>
      <Unit13>
        <Filename Value="..\..\..\lib\uSpringConstraint.pas"/>
        <CursorPos X="13" Y="6"/>
        <UsageCount Value="9"/>
      </Unit13>
      <Unit14>
        <Filename Value="..\..\..\lib\uCircleParticle.pas"/>
        <TopLine Value="45"/>
        <CursorPos X="64" Y="67"/>
        <UsageCount Value="9"/>
      </Unit14>
      <Unit15>
        <Filename Value="..\..\..\lib\uSpringConstraintParticle.pas"/>
        <TopLine Value="4"/>
        <CursorPos X="51" Y="6"/>
        <UsageCount Value="9"/>
      </Unit15>
      <Unit16>
        <Filename Value="..\..\lib\uCar.pas"/>
        <TopLine Value="33"/>
        <CursorPos X="13" Y="48"/>
        <UsageCount Value="13"/>
      </Unit16>
      <Unit17>
        <Filename Value="..\..\lib\uSurfaces.pas"/>
        <TopLine Value="68"/>
        <CursorPos Y="94"/>
        <UsageCount Value="9"/>
      </Unit17>
      <Unit18>
        <Filename Value="..\..\lib\uCapsule.pas"/>
        <TopLine Value="29"/>
        <CursorPos Y="53"/>
        <UsageCount Value="9"/>
      </Unit18>
      <Unit19>
        <Filename Value="..\..\lib\uSwingDoor.pas"/>
        <TopLine Value="56"/>
        <CursorPos Y="80"/>
        <UsageCount Value="9"/>
      </Unit19>
      <Unit20>
        <Filename Value="..\..\..\..\..\..\fpc\2.2.3\source\rtl\win\keyboard.pp"/>
        <UnitName Value="Keyboard"/>
        <TopLine Value="64"/>
        <CursorPos X="27" Y="66"/>
        <UsageCount Value="11"/>
      </Unit20>
      <Unit21>
        <Filename Value="..\..\..\..\..\..\lcl\controls.pp"/>
        <UnitName Value="Controls"/>
        <TopLine Value="1649"/>
        <CursorPos X="15" Y="1663"/>
        <UsageCount Value="10"/>
      </Unit21>
      <Unit22>
        <Filename Value="..\..\..\..\..\..\fpc\2.2.3\source\rtl\inc\keybrdh.inc"/>
        <TopLine Value="25"/>
        <CursorPos X="31" Y="33"/>
        <UsageCount Value="11"/>
      </Unit22>
      <Unit23>
        <Filename Value="..\..\lib\uKeyboard.pas"/>
        <CursorPos X="10" Y="2"/>
        <UsageCount Value="11"/>
      </Unit23>
      <Unit24>
        <Filename Value="..\..\..\..\..\..\fpc\2.2.3\source\rtl\win\wininc\ascdef.inc"/>
        <TopLine Value="209"/>
        <CursorPos X="10" Y="223"/>
        <UsageCount Value="9"/>
      </Unit24>
      <Unit25>
        <Filename Value="..\..\..\..\..\..\fpc\2.2.3\source\rtl\win\wininc\func.inc"/>
        <TopLine Value="467"/>
        <CursorPos X="26" Y="482"/>
        <UsageCount Value="9"/>
      </Unit25>
      <Unit26>
        <Filename Value="..\..\..\..\..\..\fpc\2.2.3\source\rtl\win\wininc\redef.inc"/>
        <TopLine Value="988"/>
        <CursorPos X="10" Y="1002"/>
        <UsageCount Value="9"/>
      </Unit26>
      <Unit27>
        <Filename Value="..\..\..\..\..\..\fpc\2.2.3\source\rtl\inc\keyboard.inc"/>
        <TopLine Value="104"/>
        <CursorPos X="41" Y="108"/>
        <UsageCount Value="9"/>
      </Unit27>
      <Unit28>
        <Filename Value="..\..\..\..\..\..\lcl\forms.pp"/>
        <UnitName Value="Forms"/>
        <TopLine Value="1100"/>
        <CursorPos X="35" Y="1114"/>
        <UsageCount Value="10"/>
      </Unit28>
      <Unit29>
        <Filename Value="..\..\..\..\..\..\lcl\include\application.inc"/>
        <TopLine Value="1396"/>
        <CursorPos X="37" Y="1401"/>
        <UsageCount Value="10"/>
      </Unit29>
      <Unit30>
        <Filename Value="..\..\..\..\..\..\lcl\include\wincontrol.inc"/>
        <TopLine Value="6294"/>
        <CursorPos X="3" Y="6299"/>
        <UsageCount Value="9"/>
      </Unit30>
      <Unit31>
        <Filename Value="..\..\..\lib\uWheelParticle.pas"/>
        <TopLine Value="127"/>
        <CursorPos X="17" Y="150"/>
        <UsageCount Value="9"/>
      </Unit31>
      <Unit32>
        <Filename Value="MainForm.pas"/>
        <IsPartOfProject Value="True"/>
        <ComponentName Value="Form1"/>
        <HasResources Value="True"/>
        <ResourceBaseClass Value="Form"/>
        <IsVisibleTab Value="True"/>
        <CursorPos X="59" Y="9"/>
        <UsageCount Value="22"/>
        <Loaded Value="True"/>
      </Unit32>
      <Unit33>
        <Filename Value="..\..\..\..\Sources\urenderer.nativecanvas.pas"/>
        <UnitName Value="uRenderer.NativeCanvas"/>
        <EditorIndex Value="5"/>
        <TopLine Value="2"/>
        <CursorPos X="68" Y="27"/>
        <UsageCount Value="11"/>
        <Loaded Value="True"/>
      </Unit33>
      <Unit34>
        <Filename Value="MainForm.lfm"/>
        <EditorIndex Value="-1"/>
        <UsageCount Value="10"/>
        <DefaultSyntaxHighlighter Value="LFM"/>
      </Unit34>
      <Unit35>
        <Filename Value="..\..\..\..\..\..\PXLComponents\Lazarus\Package\pxlpackage.pas"/>
        <UnitName Value="PXLPackage"/>
        <EditorIndex Value="-1"/>
        <CursorPos X="3" Y="11"/>
        <UsageCount Value="10"/>
      </Unit35>
      <Unit36>
        <Filename Value="E:\Code\AfterWarpFrameWork\PXL\trunk\Source\Android.AppGlue.pas"/>
        <EditorIndex Value="-1"/>
        <WindowIndex Value="-1"/>
        <TopLine Value="8"/>
        <CursorPos X="13" Y="21"/>
        <UsageCount Value="10"/>
      </Unit36>
      <Unit37>
        <Filename Value="..\..\Sources\uRectComposite.pas"/>
        <EditorIndex Value="-1"/>
        <TopLine Value="40"/>
        <CursorPos X="180" Y="51"/>
        <UsageCount Value="10"/>
      </Unit37>
      <Unit38>
        <Filename Value="..\..\..\..\Sources\uAbstractItem.pas"/>
        <EditorIndex Value="-1"/>
        <TopLine Value="24"/>
        <CursorPos X="69" Y="39"/>
        <UsageCount Value="10"/>
      </Unit38>
      <Unit39>
        <Filename Value="..\..\Sources\uBridge.pas"/>
        <EditorIndex Value="1"/>
        <CursorPos X="9" Y="27"/>
        <UsageCount Value="11"/>
        <Loaded Value="True"/>
      </Unit39>
      <Unit40>
        <Filename Value="..\..\..\..\Sources\uGroup.pas"/>
        <EditorIndex Value="2"/>
        <CursorPos X="48" Y="27"/>
        <UsageCount Value="11"/>
        <Loaded Value="True"/>
      </Unit40>
      <Unit41>
        <Filename Value="..\..\..\..\Sources\uComposite.pas"/>
        <EditorIndex Value="3"/>
        <CursorPos X="19" Y="4"/>
        <UsageCount Value="11"/>
        <Loaded Value="True"/>
      </Unit41>
    </Units>
    <JumpHistory Count="3" HistoryIndex="2">
      <Position1>
        <Filename Value="MainForm.pas"/>
        <Caret Line="9" Column="46"/>
      </Position1>
      <Position2>
        <Filename Value="MainForm.pas"/>
        <Caret Line="35" Column="29" TopLine="14"/>
      </Position2>
      <Position3>
        <Filename Value="MainForm.pas"/>
        <Caret Line="46" Column="25" TopLine="30"/>
      </Position3>
    </JumpHistory>
  </ProjectOptions>
  <CompilerOptions>
    <Version Value="11"/>
    <PathDelim Value="\"/>
    <Target>
      <Filename Value="exe\ApeCar_$(TargetCPU)-$(TargetOS)"/>
    </Target>
    <SearchPaths>
      <IncludeFiles Value="$(ProjOutDir)"/>
      <OtherUnitFiles Value="..\..\Sources;..\..\..\..\Sources"/>
      <UnitOutputDirectory Value="bin"/>
    </SearchPaths>
    <Parsing>
      <SyntaxOptions>
        <CStyleOperator Value="False"/>
        <UseAnsiStrings Value="False"/>
      </SyntaxOptions>
    </Parsing>
    <Linking>
      <Options>
        <Win32>
          <GraphicApplication Value="True"/>
        </Win32>
      </Options>
    </Linking>
  </CompilerOptions>
  <Debugging>
    <Exceptions Count="3">
      <Item1>
        <Name Value="EAbort"/>
      </Item1>
      <Item2>
        <Name Value="ECodetoolError"/>
      </Item2>
      <Item3>
        <Name Value="EFOpenError"/>
      </Item3>
    </Exceptions>
  </Debugging>
</CONFIG>
